
Microsoft Visual Studio Solution File, Format Version 12.00
# Visual Studio Version 16
VisualStudioVersion = 16.0.30804.86
MinimumVisualStudioVersion = 10.0.40219.1
Project("{FAE04EC0-301F-11D3-BF4B-00C04F79EFBC}") = "ClassMetotDemo", "ClassMetotDemo\ClassMetotDemo.csproj", "{EFEEA247-DC13-48AE-8344-62A82821C258}"
EndProject
Global
	GlobalSection(SolutionConfigurationPlatforms) = preSolution
		Debug|Any CPU = Debug|Any CPU
		Release|Any CPU = Release|Any CPU
	EndGlobalSection
	GlobalSection(ProjectConfigurationPlatforms) = postSolution
		{EFEEA247-DC13-48AE-8344-62A82821C258}.Debug|Any CPU.ActiveCfg = Debug|Any CPU
		{EFEEA247-DC13-48AE-8344-62A82821C258}.Debug|Any CPU.Build.0 = Debug|Any CPU
		{EFEEA247-DC13-48AE-8344-62A82821C258}.Release|Any CPU.ActiveCfg = Release|Any CPU
		{EFEEA247-DC13-48AE-8344-62A82821C258}.Release|Any CPU.Build.0 = Release|Any CPU
	EndGlobalSection
	GlobalSection(SolutionProperties) = preSolution
		HideSolutionNode = FALSE
	EndGlobalSection
	GlobalSection(ExtensibilityGlobals) = postSolution
		SolutionGuid = {3A870A1C-2FEE-4E89-B098-185EC736B083}
	EndGlobalSection
EndGlobal
